
Microsoft Visual Studio Solution File, Format Version 12.00
# Visual Studio 15
VisualStudioVersion = 15.0.27703.1
MinimumVisualStudioVersion = 10.0.40219.1
Project("{FAE04EC0-301F-11D3-BF4B-00C04F79EFBC}") = "blackjack", "blackjack.csproj", "{EAB1B1EA-1E65-463C-A4A5-E3AD793A7EAA}"
EndProject
Global
	GlobalSection(SolutionConfigurationPlatforms) = preSolution
		Debug|Any CPU = Debug|Any CPU
		Release|Any CPU = Release|Any CPU
	EndGlobalSection
	GlobalSection(ProjectConfigurationPlatforms) = postSolution
		{EAB1B1EA-1E65-463C-A4A5-E3AD793A7EAA}.Debug|Any CPU.ActiveCfg = Debug|Any CPU
		{EAB1B1EA-1E65-463C-A4A5-E3AD793A7EAA}.Debug|Any CPU.Build.0 = Debug|Any CPU
		{EAB1B1EA-1E65-463C-A4A5-E3AD793A7EAA}.Release|Any CPU.ActiveCfg = Release|Any CPU
		{EAB1B1EA-1E65-463C-A4A5-E3AD793A7EAA}.Release|Any CPU.Build.0 = Release|Any CPU
	EndGlobalSection
	GlobalSection(SolutionProperties) = preSolution
		HideSolutionNode = FALSE
	EndGlobalSection
	GlobalSection(ExtensibilityGlobals) = postSolution
		SolutionGuid = {5574F022-8BE4-4175-BBFA-2DA27ABA303B}
	EndGlobalSection
EndGlobal
